
Microsoft Visual Studio Solution File, Format Version 12.00
# Visual Studio Version 17
VisualStudioVersion = 17.0.31903.59
MinimumVisualStudioVersion = 10.0.40219.1
Project("{FAE04EC0-301F-11D3-BF4B-00C04F79EFBC}") = "LoadManager", "LoadManager\LoadManager.csproj", "{FE21FE7F-76E6-41BD-A244-E5440690B378}"
EndProject
Project("{FAE04EC0-301F-11D3-BF4B-00C04F79EFBC}") = "NodeServer", "NodeServer\NodeServer.csproj", "{0245626D-8A53-483F-94AB-A0E5FD2AF562}"
EndProject
Global
	GlobalSection(SolutionConfigurationPlatforms) = preSolution
		Debug|Any CPU = Debug|Any CPU
		Release|Any CPU = Release|Any CPU
	EndGlobalSection
	GlobalSection(SolutionProperties) = preSolution
		HideSolutionNode = FALSE
	EndGlobalSection
	GlobalSection(ProjectConfigurationPlatforms) = postSolution
		{FE21FE7F-76E6-41BD-A244-E5440690B378}.Debug|Any CPU.ActiveCfg = Debug|Any CPU
		{FE21FE7F-76E6-41BD-A244-E5440690B378}.Debug|Any CPU.Build.0 = Debug|Any CPU
		{FE21FE7F-76E6-41BD-A244-E5440690B378}.Release|Any CPU.ActiveCfg = Release|Any CPU
		{FE21FE7F-76E6-41BD-A244-E5440690B378}.Release|Any CPU.Build.0 = Release|Any CPU
		{0245626D-8A53-483F-94AB-A0E5FD2AF562}.Debug|Any CPU.ActiveCfg = Debug|Any CPU
		{0245626D-8A53-483F-94AB-A0E5FD2AF562}.Debug|Any CPU.Build.0 = Debug|Any CPU
		{0245626D-8A53-483F-94AB-A0E5FD2AF562}.Release|Any CPU.ActiveCfg = Release|Any CPU
		{0245626D-8A53-483F-94AB-A0E5FD2AF562}.Release|Any CPU.Build.0 = Release|Any CPU
	EndGlobalSection
EndGlobal
